
Microsoft Visual Studio Solution File, Format Version 12.00
# Visual Studio 15
VisualStudioVersion = 15.0.28307.757
MinimumVisualStudioVersion = 10.0.40219.1
Project("{FAE04EC0-301F-11D3-BF4B-00C04F79EFBC}") = "FunWithArays", "FunWithArays\FunWithArays.csproj", "{106942C1-74CD-4CFB-857F-AD802A0624CB}"
EndProject
Global
	GlobalSection(SolutionConfigurationPlatforms) = preSolution
		Debug|Any CPU = Debug|Any CPU
		Release|Any CPU = Release|Any CPU
	EndGlobalSection
	GlobalSection(ProjectConfigurationPlatforms) = postSolution
		{106942C1-74CD-4CFB-857F-AD802A0624CB}.Debug|Any CPU.ActiveCfg = Debug|Any CPU
		{106942C1-74CD-4CFB-857F-AD802A0624CB}.Debug|Any CPU.Build.0 = Debug|Any CPU
		{106942C1-74CD-4CFB-857F-AD802A0624CB}.Release|Any CPU.ActiveCfg = Release|Any CPU
		{106942C1-74CD-4CFB-857F-AD802A0624CB}.Release|Any CPU.Build.0 = Release|Any CPU
	EndGlobalSection
	GlobalSection(SolutionProperties) = preSolution
		HideSolutionNode = FALSE
	EndGlobalSection
	GlobalSection(ExtensibilityGlobals) = postSolution
		SolutionGuid = {013DDCA7-FE5D-4679-A6B0-1836BF88A0A4}
	EndGlobalSection
EndGlobal
